// !$*UTF8*$!
{
	archiveVersion = 1;
	classes = {
	};
	objectVersion = 77;
	objects = {

/* Begin PBXBuildFile section */
		7B03D9422F14D66700C36AA3 /* AgentHubCore in Frameworks */ = {isa = PBXBuildFile; productRef = 7B03D9412F14D66700C36AA3 /* AgentHubCore */; };
		7B03D9502F18A00000C36AA3 /* Sparkle in Frameworks */ = {isa = PBXBuildFile; productRef = 7B03D94F2F18A00000C36AA3 /* Sparkle */; };
/* End PBXBuildFile section */

/* Begin PBXContainerItemProxy section */
		7B03D9182F14D4E400C36AA3 /* PBXContainerItemProxy */ = {
			isa = PBXContainerItemProxy;
			containerPortal = 7B03D9022F14D4E200C36AA3 /* Project object */;
			proxyType = 1;
			remoteGlobalIDString = 7B03D9092F14D4E200C36AA3;
			remoteInfo = AgentHub;
		};
		7B03D9222F14D4E400C36AA3 /* PBXContainerItemProxy */ = {
			isa = PBXContainerItemProxy;
			containerPortal = 7B03D9022F14D4E200C36AA3 /* Project object */;
			proxyType = 1;
			remoteGlobalIDString = 7B03D9092F14D4E200C36AA3;
			remoteInfo = AgentHub;
		};
/* End PBXContainerItemProxy section */

/* Begin PBXFileReference section */
		7B03D90A2F14D4E200C36AA3 /* AgentHub.app */ = {isa = PBXFileReference; explicitFileType = wrapper.application; includeInIndex = 0; path = AgentHub.app; sourceTree = BUILT_PRODUCTS_DIR; };
		7B03D9172F14D4E400C36AA3 /* AgentHubTests.xctest */ = {isa = PBXFileReference; explicitFileType = wrapper.cfbundle; includeInIndex = 0; path = AgentHubTests.xctest; sourceTree = BUILT_PRODUCTS_DIR; };
		7B03D9212F14D4E400C36AA3 /* AgentHubUITests.xctest */ = {isa = PBXFileReference; explicitFileType = wrapper.cfbundle; includeInIndex = 0; path = AgentHubUITests.xctest; sourceTree = BUILT_PRODUCTS_DIR; };
/* End PBXFileReference section */

/* Begin PBXFileSystemSynchronizedRootGroup section */
		7B03D90C2F14D4E200C36AA3 /* AgentHub */ = {
			isa = PBXFileSystemSynchronizedRootGroup;
			path = AgentHub;
			sourceTree = "<group>";
		};
		7B03D91A2F14D4E400C36AA3 /* AgentHubTests */ = {
			isa = PBXFileSystemSynchronizedRootGroup;
			path = AgentHubTests;
			sourceTree = "<group>";
		};
		7B03D9242F14D4E400C36AA3 /* AgentHubUITests */ = {
			isa = PBXFileSystemSynchronizedRootGroup;
			path = AgentHubUITests;
			sourceTree = "<group>";
		};
/* End PBXFileSystemSynchronizedRootGroup section */

/* Begin PBXFrameworksBuildPhase section */
		7B03D9072F14D4E200C36AA3 /* Frameworks */ = {
			isa = PBXFrameworksBuildPhase;
			buildActionMask = 2147483647;
			files = (
				7B03D9422F14D66700C36AA3 /* AgentHubCore in Frameworks */,
				7B03D9502F18A00000C36AA3 /* Sparkle in Frameworks */,
			);
			runOnlyForDeploymentPostprocessing = 0;
		};
		7B03D9142F14D4E400C36AA3 /* Frameworks */ = {
			isa = PBXFrameworksBuildPhase;
			buildActionMask = 2147483647;
			files = (
			);
			runOnlyForDeploymentPostprocessing = 0;
		};
		7B03D91E2F14D4E400C36AA3 /* Frameworks */ = {
			isa = PBXFrameworksBuildPhase;
			buildActionMask = 2147483647;
			files = (
			);
			runOnlyForDeploymentPostprocessing = 0;
		};
/* End PBXFrameworksBuildPhase section */

/* Begin PBXGroup section */
		7B03D9012F14D4E200C36AA3 = {
			isa = PBXGroup;
			children = (
				7B03D90C2F14D4E200C36AA3 /* AgentHub */,
				7B03D91A2F14D4E400C36AA3 /* AgentHubTests */,
				7B03D9242F14D4E400C36AA3 /* AgentHubUITests */,
				7B03D90B2F14D4E200C36AA3 /* Products */,
			);
			sourceTree = "<group>";
		};
		7B03D90B2F14D4E200C36AA3 /* Products */ = {
			isa = PBXGroup;
			children = (
				7B03D90A2F14D4E200C36AA3 /* AgentHub.app */,
				7B03D9172F14D4E400C36AA3 /* AgentHubTests.xctest */,
				7B03D9212F14D4E400C36AA3 /* AgentHubUITests.xctest */,
			);
			name = Products;
			sourceTree = "<group>";
		};
/* End PBXGroup section */

/* Begin PBXNativeTarget section */
		7B03D9092F14D4E200C36AA3 /* AgentHub */ = {
			isa = PBXNativeTarget;
			buildConfigurationList = 7B03D92B2F14D4E400C36AA3 /* Build configuration list for PBXNativeTarget "AgentHub" */;
			buildPhases = (
				7B03D9062F14D4E200C36AA3 /* Sources */,
				7B03D9072F14D4E200C36AA3 /* Frameworks */,
				7B03D9082F14D4E200C36AA3 /* Resources */,
			);
			buildRules = (
			);
			dependencies = (
			);
			fileSystemSynchronizedGroups = (
				7B03D90C2F14D4E200C36AA3 /* AgentHub */,
			);
			name = AgentHub;
			packageProductDependencies = (
				7B03D9412F14D66700C36AA3 /* AgentHubCore */,
				7B03D94F2F18A00000C36AA3 /* Sparkle */,
			);
			productName = AgentHub;
			productReference = 7B03D90A2F14D4E200C36AA3 /* AgentHub.app */;
			productType = "com.apple.product-type.application";
		};
		7B03D9162F14D4E400C36AA3 /* AgentHubTests */ = {
			isa = PBXNativeTarget;
			buildConfigurationList = 7B03D92E2F14D4E400C36AA3 /* Build configuration list for PBXNativeTarget "AgentHubTests" */;
			buildPhases = (
				7B03D9132F14D4E400C36AA3 /* Sources */,
				7B03D9142F14D4E400C36AA3 /* Frameworks */,
				7B03D9152F14D4E400C36AA3 /* Resources */,
			);
			buildRules = (
			);
			dependencies = (
				7B03D9192F14D4E400C36AA3 /* PBXTargetDependency */,
			);
			fileSystemSynchronizedGroups = (
				7B03D91A2F14D4E400C36AA3 /* AgentHubTests */,
			);
			name = AgentHubTests;
			packageProductDependencies = (
			);
			productName = AgentHubTests;
			productReference = 7B03D9172F14D4E400C36AA3 /* AgentHubTests.xctest */;
			productType = "com.apple.product-type.bundle.unit-test";
		};
		7B03D9202F14D4E400C36AA3 /* AgentHubUITests */ = {
			isa = PBXNativeTarget;
			buildConfigurationList = 7B03D9312F14D4E400C36AA3 /* Build configuration list for PBXNativeTarget "AgentHubUITests" */;
			buildPhases = (
				7B03D91D2F14D4E400C36AA3 /* Sources */,
				7B03D91E2F14D4E400C36AA3 /* Frameworks */,
				7B03D91F2F14D4E400C36AA3 /* Resources */,
			);
			buildRules = (
			);
			dependencies = (
				7B03D9232F14D4E400C36AA3 /* PBXTargetDependency */,
			);
			fileSystemSynchronizedGroups = (
				7B03D9242F14D4E400C36AA3 /* AgentHubUITests */,
			);
			name = AgentHubUITests;
			packageProductDependencies = (
			);
			productName = AgentHubUITests;
			productReference = 7B03D9212F14D4E400C36AA3 /* AgentHubUITests.xctest */;
			productType = "com.apple.product-type.bundle.ui-testing";
		};
/* End PBXNativeTarget section */

/* Begin PBXProject section */
		7B03D9022F14D4E200C36AA3 /* Project object */ = {
			isa = PBXProject;
			attributes = {
				BuildIndependentTargetsInParallel = 1;
				LastSwiftUpdateCheck = 2620;
				LastUpgradeCheck = 2620;
				TargetAttributes = {
					7B03D9092F14D4E200C36AA3 = {
						CreatedOnToolsVersion = 26.2;
					};
					7B03D9162F14D4E400C36AA3 = {
						CreatedOnToolsVersion = 26.2;
						TestTargetID = 7B03D9092F14D4E200C36AA3;
					};
					7B03D9202F14D4E400C36AA3 = {
						CreatedOnToolsVersion = 26.2;
						TestTargetID = 7B03D9092F14D4E200C36AA3;
					};
				};
			};
			buildConfigurationList = 7B03D9052F14D4E200C36AA3 /* Build configuration list for PBXProject "AgentHub" */;
			developmentRegion = en;
			hasScannedForEncodings = 0;
			knownRegions = (
				en,
				Base,
			);
			mainGroup = 7B03D9012F14D4E200C36AA3;
			minimizedProjectReferenceProxies = 1;
			packageReferences = (
				7B03D9402F14D66700C36AA3 /* XCLocalSwiftPackageReference "modules/AgentHubCore" */,
				7B03D94E2F18A00000C36AA3 /* XCRemoteSwiftPackageReference "Sparkle" */,
			);
			preferredProjectObjectVersion = 77;
			productRefGroup = 7B03D90B2F14D4E200C36AA3 /* Products */;
			projectDirPath = "";
			projectRoot = "";
			targets = (
				7B03D9092F14D4E200C36AA3 /* AgentHub */,
				7B03D9162F14D4E400C36AA3 /* AgentHubTests */,
				7B03D9202F14D4E400C36AA3 /* AgentHubUITests */,
			);
		};
/* End PBXProject section */

/* Begin PBXResourcesBuildPhase section */
		7B03D9082F14D4E200C36AA3 /* Resources */ = {
			isa = PBXResourcesBuildPhase;
			buildActionMask = 2147483647;
			files = (
			);
			runOnlyForDeploymentPostprocessing = 0;
		};
		7B03D9152F14D4E400C36AA3 /* Resources */ = {
			isa = PBXResourcesBuildPhase;
			buildActionMask = 2147483647;
			files = (
			);
			runOnlyForDeploymentPostprocessing = 0;
		};
		7B03D91F2F14D4E400C36AA3 /* Resources */ = {
			isa = PBXResourcesBuildPhase;
			buildActionMask = 2147483647;
			files = (
			);
			runOnlyForDeploymentPostprocessing = 0;
		};
/* End PBXResourcesBuildPhase section */

/* Begin PBXSourcesBuildPhase section */
		7B03D9062F14D4E200C36AA3 /* Sources */ = {
			isa = PBXSourcesBuildPhase;
			buildActionMask = 2147483647;
			files = (
			);
			runOnlyForDeploymentPostprocessing = 0;
		};
		7B03D9132F14D4E400C36AA3 /* Sources */ = {
			isa = PBXSourcesBuildPhase;
			buildActionMask = 2147483647;
			files = (
			);
			runOnlyForDeploymentPostprocessing = 0;
		};
		7B03D91D2F14D4E400C36AA3 /* Sources */ = {
			isa = PBXSourcesBuildPhase;
			buildActionMask = 2147483647;
			files = (
			);
			runOnlyForDeploymentPostprocessing = 0;
		};
/* End PBXSourcesBuildPhase section */

/* Begin PBXTargetDependency section */
		7B03D9192F14D4E400C36AA3 /* PBXTargetDependency */ = {
			isa = PBXTargetDependency;
			target = 7B03D9092F14D4E200C36AA3 /* AgentHub */;
			targetProxy = 7B03D9182F14D4E400C36AA3 /* PBXContainerItemProxy */;
		};
		7B03D9232F14D4E400C36AA3 /* PBXTargetDependency */ = {
			isa = PBXTargetDependency;
			target = 7B03D9092F14D4E200C36AA3 /* AgentHub */;
			targetProxy = 7B03D9222F14D4E400C36AA3 /* PBXContainerItemProxy */;
		};
/* End PBXTargetDependency section */

/* Begin XCBuildConfiguration section */
		7B03D9292F14D4E400C36AA3 /* Debug */ = {
			isa = XCBuildConfiguration;
			buildSettings = {
				ALWAYS_SEARCH_USER_PATHS = NO;
				ASSETCATALOG_COMPILER_GENERATE_SWIFT_ASSET_SYMBOL_EXTENSIONS = YES;
				CLANG_ANALYZER_NONNULL = YES;
				CLANG_ANALYZER_NUMBER_OBJECT_CONVERSION = YES_AGGRESSIVE;
				CLANG_CXX_LANGUAGE_STANDARD = "gnu++20";
				CLANG_ENABLE_MODULES = YES;
				CLANG_ENABLE_OBJC_ARC = YES;
				CLANG_ENABLE_OBJC_WEAK = YES;
				CLANG_WARN_BLOCK_CAPTURE_AUTORELEASING = YES;
				CLANG_WARN_BOOL_CONVERSION = YES;
				CLANG_WARN_COMMA = YES;
				CLANG_WARN_CONSTANT_CONVERSION = YES;
				CLANG_WARN_DEPRECATED_OBJC_IMPLEMENTATIONS = YES;
				CLANG_WARN_DIRECT_OBJC_ISA_USAGE = YES_ERROR;
				CLANG_WARN_DOCUMENTATION_COMMENTS = YES;
				CLANG_WARN_EMPTY_BODY = YES;
				CLANG_WARN_ENUM_CONVERSION = YES;
				CLANG_WARN_INFINITE_RECURSION = YES;
				CLANG_WARN_INT_CONVERSION = YES;
				CLANG_WARN_NON_LITERAL_NULL_CONVERSION = YES;
				CLANG_WARN_OBJC_IMPLICIT_RETAIN_SELF = YES;
				CLANG_WARN_OBJC_LITERAL_CONVERSION = YES;
				CLANG_WARN_OBJC_ROOT_CLASS = YES_ERROR;
				CLANG_WARN_QUOTED_INCLUDE_IN_FRAMEWORK_HEADER = YES;
				CLANG_WARN_RANGE_LOOP_ANALYSIS = YES;
				CLANG_WARN_STRICT_PROTOTYPES = YES;
				CLANG_WARN_SUSPICIOUS_MOVE = YES;
				CLANG_WARN_UNGUARDED_AVAILABILITY = YES_AGGRESSIVE;
				CLANG_WARN_UNREACHABLE_CODE = YES;
				CLANG_WARN__DUPLICATE_METHOD_MATCH = YES;
				COPY_PHASE_STRIP = NO;
				DEBUG_INFORMATION_FORMAT = dwarf;
				DEVELOPMENT_TEAM = CQ45U4X9K3;
				ENABLE_STRICT_OBJC_MSGSEND = YES;
				ENABLE_TESTABILITY = YES;
				ENABLE_USER_SCRIPT_SANDBOXING = YES;
				GCC_C_LANGUAGE_STANDARD = gnu17;
				GCC_DYNAMIC_NO_PIC = NO;
				GCC_NO_COMMON_BLOCKS = YES;
				GCC_OPTIMIZATION_LEVEL = 0;
				GCC_PREPROCESSOR_DEFINITIONS = (
					"DEBUG=1",
					"$(inherited)",
				);
				GCC_WARN_64_TO_32_BIT_CONVERSION = YES;
				GCC_WARN_ABOUT_RETURN_TYPE = YES_ERROR;
				GCC_WARN_UNDECLARED_SELECTOR = YES;
				GCC_WARN_UNINITIALIZED_AUTOS = YES_AGGRESSIVE;
				GCC_WARN_UNUSED_FUNCTION = YES;
				GCC_WARN_UNUSED_VARIABLE = YES;
				LOCALIZATION_PREFERS_STRING_CATALOGS = YES;
				MACOSX_DEPLOYMENT_TARGET = 14.0;
				MTL_ENABLE_DEBUG_INFO = INCLUDE_SOURCE;
				MTL_FAST_MATH = YES;
				ONLY_ACTIVE_ARCH = YES;
				SDKROOT = macosx;
				SWIFT_ACTIVE_COMPILATION_CONDITIONS = "DEBUG $(inherited)";
				SWIFT_OPTIMIZATION_LEVEL = "-Onone";
			};
			name = Debug;
		};
		7B03D92A2F14D4E400C36AA3 /* Release */ = {
			isa = XCBuildConfiguration;
			buildSettings = {
				ALWAYS_SEARCH_USER_PATHS = NO;
				ASSETCATALOG_COMPILER_GENERATE_SWIFT_ASSET_SYMBOL_EXTENSIONS = YES;
				CLANG_ANALYZER_NONNULL = YES;
				CLANG_ANALYZER_NUMBER_OBJECT_CONVERSION = YES_AGGRESSIVE;
				CLANG_CXX_LANGUAGE_STANDARD = "gnu++20";
				CLANG_ENABLE_MODULES = YES;
				CLANG_ENABLE_OBJC_ARC = YES;
				CLANG_ENABLE_OBJC_WEAK = YES;
				CLANG_WARN_BLOCK_CAPTURE_AUTORELEASING = YES;
				CLANG_WARN_BOOL_CONVERSION = YES;
				CLANG_WARN_COMMA = YES;
				CLANG_WARN_CONSTANT_CONVERSION = YES;
				CLANG_WARN_DEPRECATED_OBJC_IMPLEMENTATIONS = YES;
				CLANG_WARN_DIRECT_OBJC_ISA_USAGE = YES_ERROR;
				CLANG_WARN_DOCUMENTATION_COMMENTS = YES;
				CLANG_WARN_EMPTY_BODY = YES;
				CLANG_WARN_ENUM_CONVERSION = YES;
				CLANG_WARN_INFINITE_RECURSION = YES;
				CLANG_WARN_INT_CONVERSION = YES;
				CLANG_WARN_NON_LITERAL_NULL_CONVERSION = YES;
				CLANG_WARN_OBJC_IMPLICIT_RETAIN_SELF = YES;
				CLANG_WARN_OBJC_LITERAL_CONVERSION = YES;
				CLANG_WARN_OBJC_ROOT_CLASS = YES_ERROR;
				CLANG_WARN_QUOTED_INCLUDE_IN_FRAMEWORK_HEADER = YES;
				CLANG_WARN_RANGE_LOOP_ANALYSIS = YES;
				CLANG_WARN_STRICT_PROTOTYPES = YES;
				CLANG_WARN_SUSPICIOUS_MOVE = YES;
				CLANG_WARN_UNGUARDED_AVAILABILITY = YES_AGGRESSIVE;
				CLANG_WARN_UNREACHABLE_CODE = YES;
				CLANG_WARN__DUPLICATE_METHOD_MATCH = YES;
				COPY_PHASE_STRIP = NO;
				DEBUG_INFORMATION_FORMAT = "dwarf-with-dsym";
				DEVELOPMENT_TEAM = CQ45U4X9K3;
				ENABLE_NS_ASSERTIONS = NO;
				ENABLE_STRICT_OBJC_MSGSEND = YES;
				ENABLE_USER_SCRIPT_SANDBOXING = YES;
				GCC_C_LANGUAGE_STANDARD = gnu17;
				GCC_NO_COMMON_BLOCKS = YES;
				GCC_WARN_64_TO_32_BIT_CONVERSION = YES;
				GCC_WARN_ABOUT_RETURN_TYPE = YES_ERROR;
				GCC_WARN_UNDECLARED_SELECTOR = YES;
				GCC_WARN_UNINITIALIZED_AUTOS = YES_AGGRESSIVE;
				GCC_WARN_UNUSED_FUNCTION = YES;
				GCC_WARN_UNUSED_VARIABLE = YES;
				LOCALIZATION_PREFERS_STRING_CATALOGS = YES;
				MACOSX_DEPLOYMENT_TARGET = 14.0;
				MTL_ENABLE_DEBUG_INFO = NO;
				MTL_FAST_MATH = YES;
				SDKROOT = macosx;
				SWIFT_COMPILATION_MODE = wholemodule;
			};
			name = Release;
		};
		7B03D92C2F14D4E400C36AA3 /* Debug */ = {
			isa = XCBuildConfiguration;
			buildSettings = {
				ASSETCATALOG_COMPILER_APPICON_NAME = AppIcon;
				ASSETCATALOG_COMPILER_GLOBAL_ACCENT_COLOR_NAME = AccentColor;
				CODE_SIGN_STYLE = Automatic;
				COMBINE_HIDPI_IMAGES = YES;
				CURRENT_PROJECT_VERSION = 1;
				DEVELOPMENT_TEAM = CQ45U4X9K3;
				ENABLE_APP_SANDBOX = NO;
				ENABLE_HARDENED_RUNTIME = YES;
				ENABLE_PREVIEWS = YES;
				GENERATE_INFOPLIST_FILE = YES;
				INFOPLIST_FILE = AgentHub/Info.plist;
				INFOPLIST_KEY_NSHumanReadableCopyright = "";
				LD_RUNPATH_SEARCH_PATHS = (
					"$(inherited)",
					"@executable_path/../Frameworks",
				);
				MARKETING_VERSION = 2.0.0;
				PRODUCT_BUNDLE_IDENTIFIER = jamesRochabrun.AgentHub;
				PRODUCT_NAME = "$(TARGET_NAME)";
				REGISTER_APP_GROUPS = YES;
				STRING_CATALOG_GENERATE_SYMBOLS = YES;
				SWIFT_APPROACHABLE_CONCURRENCY = YES;
				SWIFT_DEFAULT_ACTOR_ISOLATION = MainActor;
				SWIFT_EMIT_LOC_STRINGS = YES;
				SWIFT_UPCOMING_FEATURE_MEMBER_IMPORT_VISIBILITY = YES;
				SWIFT_VERSION = 5.0;
			};
			name = Debug;
		};
		7B03D92D2F14D4E400C36AA3 /* Release */ = {
			isa = XCBuildConfiguration;
			buildSettings = {
				ASSETCATALOG_COMPILER_APPICON_NAME = AppIcon;
				ASSETCATALOG_COMPILER_GLOBAL_ACCENT_COLOR_NAME = AccentColor;
				CODE_SIGN_STYLE = Automatic;
				COMBINE_HIDPI_IMAGES = YES;
				CURRENT_PROJECT_VERSION = 1;
				DEVELOPMENT_TEAM = CQ45U4X9K3;
				ENABLE_APP_SANDBOX = NO;
				ENABLE_HARDENED_RUNTIME = YES;
				ENABLE_PREVIEWS = YES;
				GENERATE_INFOPLIST_FILE = YES;
				INFOPLIST_FILE = AgentHub/Info.plist;
				INFOPLIST_KEY_NSHumanReadableCopyright = "";
				LD_RUNPATH_SEARCH_PATHS = (
					"$(inherited)",
					"@executable_path/../Frameworks",
				);
				MARKETING_VERSION = 2.0.0;
				PRODUCT_BUNDLE_IDENTIFIER = jamesRochabrun.AgentHub;
				PRODUCT_NAME = "$(TARGET_NAME)";
				REGISTER_APP_GROUPS = YES;
				STRING_CATALOG_GENERATE_SYMBOLS = YES;
				SWIFT_APPROACHABLE_CONCURRENCY = YES;
				SWIFT_DEFAULT_ACTOR_ISOLATION = MainActor;
				SWIFT_EMIT_LOC_STRINGS = YES;
				SWIFT_UPCOMING_FEATURE_MEMBER_IMPORT_VISIBILITY = YES;
				SWIFT_VERSION = 5.0;
			};
			name = Release;
		};
		7B03D92F2F14D4E400C36AA3 /* Debug */ = {
			isa = XCBuildConfiguration;
			buildSettings = {
				BUNDLE_LOADER = "$(TEST_HOST)";
				CODE_SIGN_STYLE = Automatic;
				CURRENT_PROJECT_VERSION = 1;
				DEVELOPMENT_TEAM = CQ45U4X9K3;
				GENERATE_INFOPLIST_FILE = YES;
				MACOSX_DEPLOYMENT_TARGET = 14.0;
				MARKETING_VERSION = 2.0.0;
				PRODUCT_BUNDLE_IDENTIFIER = jamesRochabrun.AgentHubTests;
				PRODUCT_NAME = "$(TARGET_NAME)";
				STRING_CATALOG_GENERATE_SYMBOLS = NO;
				SWIFT_APPROACHABLE_CONCURRENCY = YES;
				SWIFT_EMIT_LOC_STRINGS = NO;
				SWIFT_UPCOMING_FEATURE_MEMBER_IMPORT_VISIBILITY = YES;
				SWIFT_VERSION = 5.0;
				TEST_HOST = "$(BUILT_PRODUCTS_DIR)/AgentHub.app/$(BUNDLE_EXECUTABLE_FOLDER_PATH)/AgentHub";
			};
			name = Debug;
		};
		7B03D9302F14D4E400C36AA3 /* Release */ = {
			isa = XCBuildConfiguration;
			buildSettings = {
				BUNDLE_LOADER = "$(TEST_HOST)";
				CODE_SIGN_STYLE = Automatic;
				CURRENT_PROJECT_VERSION = 1;
				DEVELOPMENT_TEAM = CQ45U4X9K3;
				GENERATE_INFOPLIST_FILE = YES;
				MACOSX_DEPLOYMENT_TARGET = 14.0;
				MARKETING_VERSION = 2.0.0;
				PRODUCT_BUNDLE_IDENTIFIER = jamesRochabrun.AgentHubTests;
				PRODUCT_NAME = "$(TARGET_NAME)";
				STRING_CATALOG_GENERATE_SYMBOLS = NO;
				SWIFT_APPROACHABLE_CONCURRENCY = YES;
				SWIFT_EMIT_LOC_STRINGS = NO;
				SWIFT_UPCOMING_FEATURE_MEMBER_IMPORT_VISIBILITY = YES;
				SWIFT_VERSION = 5.0;
				TEST_HOST = "$(BUILT_PRODUCTS_DIR)/AgentHub.app/$(BUNDLE_EXECUTABLE_FOLDER_PATH)/AgentHub";
			};
			name = Release;
		};
		7B03D9322F14D4E400C36AA3 /* Debug */ = {
			isa = XCBuildConfiguration;
			buildSettings = {
				CODE_SIGN_STYLE = Automatic;
				CURRENT_PROJECT_VERSION = 1;
				DEVELOPMENT_TEAM = CQ45U4X9K3;
				GENERATE_INFOPLIST_FILE = YES;
				MARKETING_VERSION = 2.0.0;
				PRODUCT_BUNDLE_IDENTIFIER = jamesRochabrun.AgentHubUITests;
				PRODUCT_NAME = "$(TARGET_NAME)";
				STRING_CATALOG_GENERATE_SYMBOLS = NO;
				SWIFT_APPROACHABLE_CONCURRENCY = YES;
				SWIFT_EMIT_LOC_STRINGS = NO;
				SWIFT_UPCOMING_FEATURE_MEMBER_IMPORT_VISIBILITY = YES;
				SWIFT_VERSION = 5.0;
				TEST_TARGET_NAME = AgentHub;
			};
			name = Debug;
		};
		7B03D9332F14D4E400C36AA3 /* Release */ = {
			isa = XCBuildConfiguration;
			buildSettings = {
				CODE_SIGN_STYLE = Automatic;
				CURRENT_PROJECT_VERSION = 1;
				DEVELOPMENT_TEAM = CQ45U4X9K3;
				GENERATE_INFOPLIST_FILE = YES;
				MARKETING_VERSION = 2.0.0;
				PRODUCT_BUNDLE_IDENTIFIER = jamesRochabrun.AgentHubUITests;
				PRODUCT_NAME = "$(TARGET_NAME)";
				STRING_CATALOG_GENERATE_SYMBOLS = NO;
				SWIFT_APPROACHABLE_CONCURRENCY = YES;
				SWIFT_EMIT_LOC_STRINGS = NO;
				SWIFT_UPCOMING_FEATURE_MEMBER_IMPORT_VISIBILITY = YES;
				SWIFT_VERSION = 5.0;
				TEST_TARGET_NAME = AgentHub;
			};
			name = Release;
		};
/* End XCBuildConfiguration section */

/* Begin XCConfigurationList section */
		7B03D9052F14D4E200C36AA3 /* Build configuration list for PBXProject "AgentHub" */ = {
			isa = XCConfigurationList;
			buildConfigurations = (
				7B03D9292F14D4E400C36AA3 /* Debug */,
				7B03D92A2F14D4E400C36AA3 /* Release */,
			);
			defaultConfigurationIsVisible = 0;
			defaultConfigurationName = Release;
		};
		7B03D92B2F14D4E400C36AA3 /* Build configuration list for PBXNativeTarget "AgentHub" */ = {
			isa = XCConfigurationList;
			buildConfigurations = (
				7B03D92C2F14D4E400C36AA3 /* Debug */,
				7B03D92D2F14D4E400C36AA3 /* Release */,
			);
			defaultConfigurationIsVisible = 0;
			defaultConfigurationName = Release;
		};
		7B03D92E2F14D4E400C36AA3 /* Build configuration list for PBXNativeTarget "AgentHubTests" */ = {
			isa = XCConfigurationList;
			buildConfigurations = (
				7B03D92F2F14D4E400C36AA3 /* Debug */,
				7B03D9302F14D4E400C36AA3 /* Release */,
			);
			defaultConfigurationIsVisible = 0;
			defaultConfigurationName = Release;
		};
		7B03D9312F14D4E400C36AA3 /* Build configuration list for PBXNativeTarget "AgentHubUITests" */ = {
			isa = XCConfigurationList;
			buildConfigurations = (
				7B03D9322F14D4E400C36AA3 /* Debug */,
				7B03D9332F14D4E400C36AA3 /* Release */,
			);
			defaultConfigurationIsVisible = 0;
			defaultConfigurationName = Release;
		};
/* End XCConfigurationList section */

/* Begin XCLocalSwiftPackageReference section */
		7B03D9402F14D66700C36AA3 /* XCLocalSwiftPackageReference "modules/AgentHubCore" */ = {
			isa = XCLocalSwiftPackageReference;
			relativePath = modules/AgentHubCore;
		};
/* End XCLocalSwiftPackageReference section */

/* Begin XCRemoteSwiftPackageReference section */
		7B03D94E2F18A00000C36AA3 /* XCRemoteSwiftPackageReference "Sparkle" */ = {
			isa = XCRemoteSwiftPackageReference;
			repositoryURL = "https://github.com/sparkle-project/Sparkle";
			requirement = {
				kind = upToNextMajorVersion;
				minimumVersion = 2.6.0;
			};
		};
/* End XCRemoteSwiftPackageReference section */

/* Begin XCSwiftPackageProductDependency section */
		7B03D9412F14D66700C36AA3 /* AgentHubCore */ = {
			isa = XCSwiftPackageProductDependency;
			productName = AgentHubCore;
		};
		7B03D94F2F18A00000C36AA3 /* Sparkle */ = {
			isa = XCSwiftPackageProductDependency;
			package = 7B03D94E2F18A00000C36AA3 /* XCRemoteSwiftPackageReference "Sparkle" */;
			productName = Sparkle;
		};
/* End XCSwiftPackageProductDependency section */
	};
	rootObject = 7B03D9022F14D4E200C36AA3 /* Project object */;
}
